
Microsoft Visual Studio Solution File, Format Version 12.00
# Visual Studio Version 17
VisualStudioVersion = 17.7.34031.279
MinimumVisualStudioVersion = 10.0.40219.1
Project("{FAE04EC0-301F-11D3-BF4B-00C04F79EFBC}") = "Session34_EntityFramework", "Session34_EntityFramework.csproj", "{BAAC91A8-F33F-4E36-936D-678E51078321}"
EndProject
Global
	GlobalSection(SolutionConfigurationPlatforms) = preSolution
		Debug|Any CPU = Debug|Any CPU
		Release|Any CPU = Release|Any CPU
	EndGlobalSection
	GlobalSection(ProjectConfigurationPlatforms) = postSolution
		{BAAC91A8-F33F-4E36-936D-678E51078321}.Debug|Any CPU.ActiveCfg = Debug|Any CPU
		{BAAC91A8-F33F-4E36-936D-678E51078321}.Debug|Any CPU.Build.0 = Debug|Any CPU
		{BAAC91A8-F33F-4E36-936D-678E51078321}.Release|Any CPU.ActiveCfg = Release|Any CPU
		{BAAC91A8-F33F-4E36-936D-678E51078321}.Release|Any CPU.Build.0 = Release|Any CPU
	EndGlobalSection
	GlobalSection(SolutionProperties) = preSolution
		HideSolutionNode = FALSE
	EndGlobalSection
	GlobalSection(ExtensibilityGlobals) = postSolution
		SolutionGuid = {6E8C620D-6652-4B1D-B3C5-874490C1D546}
	EndGlobalSection
EndGlobal
